// !$*UTF8*$!
{
	archiveVersion = 1;
	classes = {
	};
	objectVersion = 50;
	objects = {

/* Begin PBXBuildFile section */
		4FC63A9C22DC2EFD007C64BE /* Extension.swift in Sources */ = {isa = PBXBuildFile; fileRef = 4FC63A9B22DC2EFD007C64BE /* Extension.swift */; };
		F50405A121C655A500EEB471 /* DetailStaffTableViewCell.swift in Sources */ = {isa = PBXBuildFile; fileRef = F50405A021C655A500EEB471 /* DetailStaffTableViewCell.swift */; };
		F50405A521C65D0300EEB471 /* CommentModel.swift in Sources */ = {isa = PBXBuildFile; fileRef = F50405A421C65D0300EEB471 /* CommentModel.swift */; };
		F50405A721C6D9DB00EEB471 /* MovieSingleton.swift in Sources */ = {isa = PBXBuildFile; fileRef = F50405A621C6D9DA00EEB471 /* MovieSingleton.swift */; };
		F50405A921C6E85200EEB471 /* MovieService.swift in Sources */ = {isa = PBXBuildFile; fileRef = F50405A821C6E85200EEB471 /* MovieService.swift */; };
		F5AED45521C0235D0046B288 /* TableViewController.swift in Sources */ = {isa = PBXBuildFile; fileRef = F5AED45421C0235D0046B288 /* TableViewController.swift */; };
		F5AED45721C023670046B288 /* CollectionViewController.swift in Sources */ = {isa = PBXBuildFile; fileRef = F5AED45621C023670046B288 /* CollectionViewController.swift */; };
		F5AED45E21C024AB0046B288 /* MovieTableViewCell.swift in Sources */ = {isa = PBXBuildFile; fileRef = F5AED45D21C024AB0046B288 /* MovieTableViewCell.swift */; };
		F5AED46021C0ADB60046B288 /* MovieModel.swift in Sources */ = {isa = PBXBuildFile; fileRef = F5AED45F21C0ADB60046B288 /* MovieModel.swift */; };
		F5F9E6C921C02296004CDCCA /* AppDelegate.swift in Sources */ = {isa = PBXBuildFile; fileRef = F5F9E6C821C02296004CDCCA /* AppDelegate.swift */; };
		F5F9E6CE21C02296004CDCCA /* Main.storyboard in Resources */ = {isa = PBXBuildFile; fileRef = F5F9E6CC21C02296004CDCCA /* Main.storyboard */; };
		F5F9E6D021C02298004CDCCA /* Assets.xcassets in Resources */ = {isa = PBXBuildFile; fileRef = F5F9E6CF21C02298004CDCCA /* Assets.xcassets */; };
		F5F9E6D321C02298004CDCCA /* LaunchScreen.storyboard in Resources */ = {isa = PBXBuildFile; fileRef = F5F9E6D121C02298004CDCCA /* LaunchScreen.storyboard */; };
		F5FE5AE921C5327A00297F57 /* UtilFunction.swift in Sources */ = {isa = PBXBuildFile; fileRef = F5FE5AE821C5327A00297F57 /* UtilFunction.swift */; };
		F5FE5AEB21C5F2ED00297F57 /* MovieCollectionViewCell.swift in Sources */ = {isa = PBXBuildFile; fileRef = F5FE5AEA21C5F2ED00297F57 /* MovieCollectionViewCell.swift */; };
		F5FE5AED21C609A600297F57 /* DetailViewController.swift in Sources */ = {isa = PBXBuildFile; fileRef = F5FE5AEC21C609A600297F57 /* DetailViewController.swift */; };
		F5FE5AEF21C60B1B00297F57 /* DetailInfoTableViewCell.swift in Sources */ = {isa = PBXBuildFile; fileRef = F5FE5AEE21C60B1B00297F57 /* DetailInfoTableViewCell.swift */; };
		F5FE5AF121C60B4200297F57 /* DetailSynopsisTableViewCell.swift in Sources */ = {isa = PBXBuildFile; fileRef = F5FE5AF021C60B4200297F57 /* DetailSynopsisTableViewCell.swift */; };
		F5FE5AF521C60BA000297F57 /* DetailCommentTableViewCell.swift in Sources */ = {isa = PBXBuildFile; fileRef = F5FE5AF421C60BA000297F57 /* DetailCommentTableViewCell.swift */; };
		F5FE5AF721C616A500297F57 /* DetailModel.swift in Sources */ = {isa = PBXBuildFile; fileRef = F5FE5AF621C616A500297F57 /* DetailModel.swift */; };
		F5FE5AFC21C6200000297F57 /* RatingStarView.swift in Sources */ = {isa = PBXBuildFile; fileRef = F5FE5AFB21C6200000297F57 /* RatingStarView.swift */; };
/* End PBXBuildFile section */

/* Begin PBXFileReference section */
		4FC63A9B22DC2EFD007C64BE /* Extension.swift */ = {isa = PBXFileReference; lastKnownFileType = sourcecode.swift; path = Extension.swift; sourceTree = "<group>"; };
		F50405A021C655A500EEB471 /* DetailStaffTableViewCell.swift */ = {isa = PBXFileReference; lastKnownFileType = sourcecode.swift; path = DetailStaffTableViewCell.swift; sourceTree = "<group>"; };
		F50405A421C65D0300EEB471 /* CommentModel.swift */ = {isa = PBXFileReference; lastKnownFileType = sourcecode.swift; path = CommentModel.swift; sourceTree = "<group>"; };
		F50405A621C6D9DA00EEB471 /* MovieSingleton.swift */ = {isa = PBXFileReference; lastKnownFileType = sourcecode.swift; path = MovieSingleton.swift; sourceTree = "<group>"; };
		F50405A821C6E85200EEB471 /* MovieService.swift */ = {isa = PBXFileReference; lastKnownFileType = sourcecode.swift; path = MovieService.swift; sourceTree = "<group>"; };
		F5AED45421C0235D0046B288 /* TableViewController.swift */ = {isa = PBXFileReference; lastKnownFileType = sourcecode.swift; path = TableViewController.swift; sourceTree = "<group>"; };
		F5AED45621C023670046B288 /* CollectionViewController.swift */ = {isa = PBXFileReference; lastKnownFileType = sourcecode.swift; path = CollectionViewController.swift; sourceTree = "<group>"; };
		F5AED45D21C024AB0046B288 /* MovieTableViewCell.swift */ = {isa = PBXFileReference; lastKnownFileType = sourcecode.swift; path = MovieTableViewCell.swift; sourceTree = "<group>"; };
		F5AED45F21C0ADB60046B288 /* MovieModel.swift */ = {isa = PBXFileReference; lastKnownFileType = sourcecode.swift; path = MovieModel.swift; sourceTree = "<group>"; };
		F5F9E6C521C02296004CDCCA /* Movie.app */ = {isa = PBXFileReference; explicitFileType = wrapper.application; includeInIndex = 0; path = Movie.app; sourceTree = BUILT_PRODUCTS_DIR; };
		F5F9E6C821C02296004CDCCA /* AppDelegate.swift */ = {isa = PBXFileReference; lastKnownFileType = sourcecode.swift; path = AppDelegate.swift; sourceTree = "<group>"; };
		F5F9E6CD21C02296004CDCCA /* Base */ = {isa = PBXFileReference; lastKnownFileType = file.storyboard; name = Base; path = Base.lproj/Main.storyboard; sourceTree = "<group>"; };
		F5F9E6CF21C02298004CDCCA /* Assets.xcassets */ = {isa = PBXFileReference; lastKnownFileType = folder.assetcatalog; path = Assets.xcassets; sourceTree = "<group>"; };
		F5F9E6D221C02298004CDCCA /* Base */ = {isa = PBXFileReference; lastKnownFileType = file.storyboard; name = Base; path = Base.lproj/LaunchScreen.storyboard; sourceTree = "<group>"; };
		F5F9E6D421C02298004CDCCA /* Info.plist */ = {isa = PBXFileReference; lastKnownFileType = text.plist.xml; path = Info.plist; sourceTree = "<group>"; };
		F5FE5AE821C5327A00297F57 /* UtilFunction.swift */ = {isa = PBXFileReference; lastKnownFileType = sourcecode.swift; path = UtilFunction.swift; sourceTree = "<group>"; };
		F5FE5AEA21C5F2ED00297F57 /* MovieCollectionViewCell.swift */ = {isa = PBXFileReference; lastKnownFileType = sourcecode.swift; path = MovieCollectionViewCell.swift; sourceTree = "<group>"; };
		F5FE5AEC21C609A600297F57 /* DetailViewController.swift */ = {isa = PBXFileReference; lastKnownFileType = sourcecode.swift; path = DetailViewController.swift; sourceTree = "<group>"; };
		F5FE5AEE21C60B1B00297F57 /* DetailInfoTableViewCell.swift */ = {isa = PBXFileReference; lastKnownFileType = sourcecode.swift; path = DetailInfoTableViewCell.swift; sourceTree = "<group>"; };
		F5FE5AF021C60B4200297F57 /* DetailSynopsisTableViewCell.swift */ = {isa = PBXFileReference; lastKnownFileType = sourcecode.swift; path = DetailSynopsisTableViewCell.swift; sourceTree = "<group>"; };
		F5FE5AF421C60BA000297F57 /* DetailCommentTableViewCell.swift */ = {isa = PBXFileReference; lastKnownFileType = sourcecode.swift; path = DetailCommentTableViewCell.swift; sourceTree = "<group>"; };
		F5FE5AF621C616A500297F57 /* DetailModel.swift */ = {isa = PBXFileReference; lastKnownFileType = sourcecode.swift; path = DetailModel.swift; sourceTree = "<group>"; };
		F5FE5AFB21C6200000297F57 /* RatingStarView.swift */ = {isa = PBXFileReference; lastKnownFileType = sourcecode.swift; path = RatingStarView.swift; sourceTree = "<group>"; };
/* End PBXFileReference section */

/* Begin PBXFrameworksBuildPhase section */
		F5F9E6C221C02296004CDCCA /* Frameworks */ = {
			isa = PBXFrameworksBuildPhase;
			buildActionMask = 2147483647;
			files = (
			);
			runOnlyForDeploymentPostprocessing = 0;
		};
/* End PBXFrameworksBuildPhase section */

/* Begin PBXGroup section */
		F5AED45A21C024040046B288 /* Model */ = {
			isa = PBXGroup;
			children = (
				F50405A621C6D9DA00EEB471 /* MovieSingleton.swift */,
				4FC63A9B22DC2EFD007C64BE /* Extension.swift */,
				F5AED45F21C0ADB60046B288 /* MovieModel.swift */,
				F5FE5AF621C616A500297F57 /* DetailModel.swift */,
				F50405A421C65D0300EEB471 /* CommentModel.swift */,
				F50405A821C6E85200EEB471 /* MovieService.swift */,
				F5FE5AE821C5327A00297F57 /* UtilFunction.swift */,
			);
			path = Model;
			sourceTree = "<group>";
		};
		F5AED45B21C0240B0046B288 /* Cell */ = {
			isa = PBXGroup;
			children = (
				F5AED45D21C024AB0046B288 /* MovieTableViewCell.swift */,
				F5FE5AEA21C5F2ED00297F57 /* MovieCollectionViewCell.swift */,
				F5FE5AEE21C60B1B00297F57 /* DetailInfoTableViewCell.swift */,
				F5FE5AF021C60B4200297F57 /* DetailSynopsisTableViewCell.swift */,
				F50405A021C655A500EEB471 /* DetailStaffTableViewCell.swift */,
				F5FE5AF421C60BA000297F57 /* DetailCommentTableViewCell.swift */,
			);
			path = Cell;
			sourceTree = "<group>";
		};
		F5AED45C21C024190046B288 /* ViewController */ = {
			isa = PBXGroup;
			children = (
				F5AED45421C0235D0046B288 /* TableViewController.swift */,
				F5AED45621C023670046B288 /* CollectionViewController.swift */,
				F5FE5AEC21C609A600297F57 /* DetailViewController.swift */,
			);
			path = ViewController;
			sourceTree = "<group>";
		};
		F5F9E6BC21C02296004CDCCA = {
			isa = PBXGroup;
			children = (
				F5F9E6C721C02296004CDCCA /* Movie */,
				F5F9E6C621C02296004CDCCA /* Products */,
			);
			sourceTree = "<group>";
		};
		F5F9E6C621C02296004CDCCA /* Products */ = {
			isa = PBXGroup;
			children = (
				F5F9E6C521C02296004CDCCA /* Movie.app */,
			);
			name = Products;
			sourceTree = "<group>";
		};
		F5F9E6C721C02296004CDCCA /* Movie */ = {
			isa = PBXGroup;
			children = (
				F5F9E6C821C02296004CDCCA /* AppDelegate.swift */,
				F5AED45A21C024040046B288 /* Model */,
				F5AED45B21C0240B0046B288 /* Cell */,
				F5FE5AFA21C61FDA00297F57 /* View */,
				F5AED45C21C024190046B288 /* ViewController */,
				F5F9E6CF21C02298004CDCCA /* Assets.xcassets */,
				F5F9E6CC21C02296004CDCCA /* Main.storyboard */,
				F5F9E6D121C02298004CDCCA /* LaunchScreen.storyboard */,
				F5F9E6D421C02298004CDCCA /* Info.plist */,
			);
			path = Movie;
			sourceTree = "<group>";
		};
		F5FE5AFA21C61FDA00297F57 /* View */ = {
			isa = PBXGroup;
			children = (
				F5FE5AFB21C6200000297F57 /* RatingStarView.swift */,
			);
			path = View;
			sourceTree = "<group>";
		};
/* End PBXGroup section */

/* Begin PBXNativeTarget section */
		F5F9E6C421C02296004CDCCA /* Movie */ = {
			isa = PBXNativeTarget;
			buildConfigurationList = F5F9E6D721C02298004CDCCA /* Build configuration list for PBXNativeTarget "Movie" */;
			buildPhases = (
				F5F9E6C121C02296004CDCCA /* Sources */,
				F5F9E6C221C02296004CDCCA /* Frameworks */,
				F5F9E6C321C02296004CDCCA /* Resources */,
			);
			buildRules = (
			);
			dependencies = (
			);
			name = Movie;
			productName = Movie;
			productReference = F5F9E6C521C02296004CDCCA /* Movie.app */;
			productType = "com.apple.product-type.application";
		};
/* End PBXNativeTarget section */

/* Begin PBXProject section */
		F5F9E6BD21C02296004CDCCA /* Project object */ = {
			isa = PBXProject;
			attributes = {
				LastSwiftUpdateCheck = 1010;
				LastUpgradeCheck = 1010;
				ORGANIZATIONNAME = Kira;
				TargetAttributes = {
					F5F9E6C421C02296004CDCCA = {
						CreatedOnToolsVersion = 10.1;
						LastSwiftMigration = 1020;
					};
				};
			};
			buildConfigurationList = F5F9E6C021C02296004CDCCA /* Build configuration list for PBXProject "Movie" */;
			compatibilityVersion = "Xcode 9.3";
			developmentRegion = en;
			hasScannedForEncodings = 0;
			knownRegions = (
				en,
				Base,
			);
			mainGroup = F5F9E6BC21C02296004CDCCA;
			productRefGroup = F5F9E6C621C02296004CDCCA /* Products */;
			projectDirPath = "";
			projectRoot = "";
			targets = (
				F5F9E6C421C02296004CDCCA /* Movie */,
			);
		};
/* End PBXProject section */

/* Begin PBXResourcesBuildPhase section */
		F5F9E6C321C02296004CDCCA /* Resources */ = {
			isa = PBXResourcesBuildPhase;
			buildActionMask = 2147483647;
			files = (
				F5F9E6D321C02298004CDCCA /* LaunchScreen.storyboard in Resources */,
				F5F9E6D021C02298004CDCCA /* Assets.xcassets in Resources */,
				F5F9E6CE21C02296004CDCCA /* Main.storyboard in Resources */,
			);
			runOnlyForDeploymentPostprocessing = 0;
		};
/* End PBXResourcesBuildPhase section */

/* Begin PBXSourcesBuildPhase section */
		F5F9E6C121C02296004CDCCA /* Sources */ = {
			isa = PBXSourcesBuildPhase;
			buildActionMask = 2147483647;
			files = (
				F5FE5AED21C609A600297F57 /* DetailViewController.swift in Sources */,
				F5AED45E21C024AB0046B288 /* MovieTableViewCell.swift in Sources */,
				F50405A721C6D9DB00EEB471 /* MovieSingleton.swift in Sources */,
				F50405A121C655A500EEB471 /* DetailStaffTableViewCell.swift in Sources */,
				F5FE5AE921C5327A00297F57 /* UtilFunction.swift in Sources */,
				F5FE5AF521C60BA000297F57 /* DetailCommentTableViewCell.swift in Sources */,
				F5AED45721C023670046B288 /* CollectionViewController.swift in Sources */,
				F5AED46021C0ADB60046B288 /* MovieModel.swift in Sources */,
				F5F9E6C921C02296004CDCCA /* AppDelegate.swift in Sources */,
				4FC63A9C22DC2EFD007C64BE /* Extension.swift in Sources */,
				F5FE5AFC21C6200000297F57 /* RatingStarView.swift in Sources */,
				F5FE5AF121C60B4200297F57 /* DetailSynopsisTableViewCell.swift in Sources */,
				F5AED45521C0235D0046B288 /* TableViewController.swift in Sources */,
				F50405A921C6E85200EEB471 /* MovieService.swift in Sources */,
				F5FE5AF721C616A500297F57 /* DetailModel.swift in Sources */,
				F5FE5AEF21C60B1B00297F57 /* DetailInfoTableViewCell.swift in Sources */,
				F50405A521C65D0300EEB471 /* CommentModel.swift in Sources */,
				F5FE5AEB21C5F2ED00297F57 /* MovieCollectionViewCell.swift in Sources */,
			);
			runOnlyForDeploymentPostprocessing = 0;
		};
/* End PBXSourcesBuildPhase section */

/* Begin PBXVariantGroup section */
		F5F9E6CC21C02296004CDCCA /* Main.storyboard */ = {
			isa = PBXVariantGroup;
			children = (
				F5F9E6CD21C02296004CDCCA /* Base */,
			);
			name = Main.storyboard;
			sourceTree = "<group>";
		};
		F5F9E6D121C02298004CDCCA /* LaunchScreen.storyboard */ = {
			isa = PBXVariantGroup;
			children = (
				F5F9E6D221C02298004CDCCA /* Base */,
			);
			name = LaunchScreen.storyboard;
			sourceTree = "<group>";
		};
/* End PBXVariantGroup section */

/* Begin XCBuildConfiguration section */
		F5F9E6D521C02298004CDCCA /* Debug */ = {
			isa = XCBuildConfiguration;
			buildSettings = {
				ALWAYS_SEARCH_USER_PATHS = NO;
				CLANG_ANALYZER_NONNULL = YES;
				CLANG_ANALYZER_NUMBER_OBJECT_CONVERSION = YES_AGGRESSIVE;
				CLANG_CXX_LANGUAGE_STANDARD = "gnu++14";
				CLANG_CXX_LIBRARY = "libc++";
				CLANG_ENABLE_MODULES = YES;
				CLANG_ENABLE_OBJC_ARC = YES;
				CLANG_ENABLE_OBJC_WEAK = YES;
				CLANG_WARN_BLOCK_CAPTURE_AUTORELEASING = YES;
				CLANG_WARN_BOOL_CONVERSION = YES;
				CLANG_WARN_COMMA = YES;
				CLANG_WARN_CONSTANT_CONVERSION = YES;
				CLANG_WARN_DEPRECATED_OBJC_IMPLEMENTATIONS = YES;
				CLANG_WARN_DIRECT_OBJC_ISA_USAGE = YES_ERROR;
				CLANG_WARN_DOCUMENTATION_COMMENTS = YES;
				CLANG_WARN_EMPTY_BODY = YES;
				CLANG_WARN_ENUM_CONVERSION = YES;
				CLANG_WARN_INFINITE_RECURSION = YES;
				CLANG_WARN_INT_CONVERSION = YES;
				CLANG_WARN_NON_LITERAL_NULL_CONVERSION = YES;
				CLANG_WARN_OBJC_IMPLICIT_RETAIN_SELF = YES;
				CLANG_WARN_OBJC_LITERAL_CONVERSION = YES;
				CLANG_WARN_OBJC_ROOT_CLASS = YES_ERROR;
				CLANG_WARN_RANGE_LOOP_ANALYSIS = YES;
				CLANG_WARN_STRICT_PROTOTYPES = YES;
				CLANG_WARN_SUSPICIOUS_MOVE = YES;
				CLANG_WARN_UNGUARDED_AVAILABILITY = YES_AGGRESSIVE;
				CLANG_WARN_UNREACHABLE_CODE = YES;
				CLANG_WARN__DUPLICATE_METHOD_MATCH = YES;
				CODE_SIGN_IDENTITY = "iPhone Developer";
				COPY_PHASE_STRIP = NO;
				DEBUG_INFORMATION_FORMAT = dwarf;
				ENABLE_STRICT_OBJC_MSGSEND = YES;
				ENABLE_TESTABILITY = YES;
				GCC_C_LANGUAGE_STANDARD = gnu11;
				GCC_DYNAMIC_NO_PIC = NO;
				GCC_NO_COMMON_BLOCKS = YES;
				GCC_OPTIMIZATION_LEVEL = 0;
				GCC_PREPROCESSOR_DEFINITIONS = (
					"DEBUG=1",
					"$(inherited)",
				);
				GCC_WARN_64_TO_32_BIT_CONVERSION = YES;
				GCC_WARN_ABOUT_RETURN_TYPE = YES_ERROR;
				GCC_WARN_UNDECLARED_SELECTOR = YES;
				GCC_WARN_UNINITIALIZED_AUTOS = YES_AGGRESSIVE;
				GCC_WARN_UNUSED_FUNCTION = YES;
				GCC_WARN_UNUSED_VARIABLE = YES;
				IPHONEOS_DEPLOYMENT_TARGET = 12.1;
				MTL_ENABLE_DEBUG_INFO = INCLUDE_SOURCE;
				MTL_FAST_MATH = YES;
				ONLY_ACTIVE_ARCH = YES;
				SDKROOT = iphoneos;
				SWIFT_ACTIVE_COMPILATION_CONDITIONS = DEBUG;
				SWIFT_OPTIMIZATION_LEVEL = "-Onone";
			};
			name = Debug;
		};
		F5F9E6D621C02298004CDCCA /* Release */ = {
			isa = XCBuildConfiguration;
			buildSettings = {
				ALWAYS_SEARCH_USER_PATHS = NO;
				CLANG_ANALYZER_NONNULL = YES;
				CLANG_ANALYZER_NUMBER_OBJECT_CONVERSION = YES_AGGRESSIVE;
				CLANG_CXX_LANGUAGE_STANDARD = "gnu++14";
				CLANG_CXX_LIBRARY = "libc++";
				CLANG_ENABLE_MODULES = YES;
				CLANG_ENABLE_OBJC_ARC = YES;
				CLANG_ENABLE_OBJC_WEAK = YES;
				CLANG_WARN_BLOCK_CAPTURE_AUTORELEASING = YES;
				CLANG_WARN_BOOL_CONVERSION = YES;
				CLANG_WARN_COMMA = YES;
				CLANG_WARN_CONSTANT_CONVERSION = YES;
				CLANG_WARN_DEPRECATED_OBJC_IMPLEMENTATIONS = YES;
				CLANG_WARN_DIRECT_OBJC_ISA_USAGE = YES_ERROR;
				CLANG_WARN_DOCUMENTATION_COMMENTS = YES;
				CLANG_WARN_EMPTY_BODY = YES;
				CLANG_WARN_ENUM_CONVERSION = YES;
				CLANG_WARN_INFINITE_RECURSION = YES;
				CLANG_WARN_INT_CONVERSION = YES;
				CLANG_WARN_NON_LITERAL_NULL_CONVERSION = YES;
				CLANG_WARN_OBJC_IMPLICIT_RETAIN_SELF = YES;
				CLANG_WARN_OBJC_LITERAL_CONVERSION = YES;
				CLANG_WARN_OBJC_ROOT_CLASS = YES_ERROR;
				CLANG_WARN_RANGE_LOOP_ANALYSIS = YES;
				CLANG_WARN_STRICT_PROTOTYPES = YES;
				CLANG_WARN_SUSPICIOUS_MOVE = YES;
				CLANG_WARN_UNGUARDED_AVAILABILITY = YES_AGGRESSIVE;
				CLANG_WARN_UNREACHABLE_CODE = YES;
				CLANG_WARN__DUPLICATE_METHOD_MATCH = YES;
				CODE_SIGN_IDENTITY = "iPhone Developer";
				COPY_PHASE_STRIP = NO;
				DEBUG_INFORMATION_FORMAT = "dwarf-with-dsym";
				ENABLE_NS_ASSERTIONS = NO;
				ENABLE_STRICT_OBJC_MSGSEND = YES;
				GCC_C_LANGUAGE_STANDARD = gnu11;
				GCC_NO_COMMON_BLOCKS = YES;
				GCC_WARN_64_TO_32_BIT_CONVERSION = YES;
				GCC_WARN_ABOUT_RETURN_TYPE = YES_ERROR;
				GCC_WARN_UNDECLARED_SELECTOR = YES;
				GCC_WARN_UNINITIALIZED_AUTOS = YES_AGGRESSIVE;
				GCC_WARN_UNUSED_FUNCTION = YES;
				GCC_WARN_UNUSED_VARIABLE = YES;
				IPHONEOS_DEPLOYMENT_TARGET = 12.1;
				MTL_ENABLE_DEBUG_INFO = NO;
				MTL_FAST_MATH = YES;
				SDKROOT = iphoneos;
				SWIFT_COMPILATION_MODE = wholemodule;
				SWIFT_OPTIMIZATION_LEVEL = "-O";
				VALIDATE_PRODUCT = YES;
			};
			name = Release;
		};
		F5F9E6D821C02298004CDCCA /* Debug */ = {
			isa = XCBuildConfiguration;
			buildSettings = {
				ASSETCATALOG_COMPILER_APPICON_NAME = AppIcon;
				CODE_SIGN_STYLE = Automatic;
				DEVELOPMENT_TEAM = ZLN97H98PA;
				INFOPLIST_FILE = Movie/Info.plist;
				LD_RUNPATH_SEARCH_PATHS = (
					"$(inherited)",
					"@executable_path/Frameworks",
				);
				PRODUCT_BUNDLE_IDENTIFIER = com.github.kira1021.Movie;
				PRODUCT_NAME = "$(TARGET_NAME)";
				SWIFT_VERSION = 5.0;
				TARGETED_DEVICE_FAMILY = "1,2";
			};
			name = Debug;
		};
		F5F9E6D921C02298004CDCCA /* Release */ = {
			isa = XCBuildConfiguration;
			buildSettings = {
				ASSETCATALOG_COMPILER_APPICON_NAME = AppIcon;
				CODE_SIGN_STYLE = Automatic;
				DEVELOPMENT_TEAM = ZLN97H98PA;
				INFOPLIST_FILE = Movie/Info.plist;
				LD_RUNPATH_SEARCH_PATHS = (
					"$(inherited)",
					"@executable_path/Frameworks",
				);
				PRODUCT_BUNDLE_IDENTIFIER = com.github.kira1021.Movie;
				PRODUCT_NAME = "$(TARGET_NAME)";
				SWIFT_VERSION = 5.0;
				TARGETED_DEVICE_FAMILY = "1,2";
			};
			name = Release;
		};
/* End XCBuildConfiguration section */

/* Begin XCConfigurationList section */
		F5F9E6C021C02296004CDCCA /* Build configuration list for PBXProject "Movie" */ = {
			isa = XCConfigurationList;
			buildConfigurations = (
				F5F9E6D521C02298004CDCCA /* Debug */,
				F5F9E6D621C02298004CDCCA /* Release */,
			);
			defaultConfigurationIsVisible = 0;
			defaultConfigurationName = Release;
		};
		F5F9E6D721C02298004CDCCA /* Build configuration list for PBXNativeTarget "Movie" */ = {
			isa = XCConfigurationList;
			buildConfigurations = (
				F5F9E6D821C02298004CDCCA /* Debug */,
				F5F9E6D921C02298004CDCCA /* Release */,
			);
			defaultConfigurationIsVisible = 0;
			defaultConfigurationName = Release;
		};
/* End XCConfigurationList section */
	};
	rootObject = F5F9E6BD21C02296004CDCCA /* Project object */;
}
